
Microsoft Visual Studio Solution File, Format Version 12.00
# Visual Studio Version 17
VisualStudioVersion = 17.7.34221.43
MinimumVisualStudioVersion = 10.0.40219.1
Project("{FAE04EC0-301F-11D3-BF4B-00C04F79EFBC}") = "SaveAnywhere", "SaveAnywhere\SaveAnywhere.csproj", "{182F2FD8-65E4-463C-80BB-ABF5AF6BBA66}"
EndProject
Global
	GlobalSection(SolutionConfigurationPlatforms) = preSolution
		Debug|Any CPU = Debug|Any CPU
		Release|Any CPU = Release|Any CPU
	EndGlobalSection
	GlobalSection(ProjectConfigurationPlatforms) = postSolution
		{182F2FD8-65E4-463C-80BB-ABF5AF6BBA66}.Debug|Any CPU.ActiveCfg = Debug|Any CPU
		{182F2FD8-65E4-463C-80BB-ABF5AF6BBA66}.Debug|Any CPU.Build.0 = Debug|Any CPU
		{182F2FD8-65E4-463C-80BB-ABF5AF6BBA66}.Release|Any CPU.ActiveCfg = Release|Any CPU
		{182F2FD8-65E4-463C-80BB-ABF5AF6BBA66}.Release|Any CPU.Build.0 = Release|Any CPU
	EndGlobalSection
	GlobalSection(SolutionProperties) = preSolution
		HideSolutionNode = FALSE
	EndGlobalSection
	GlobalSection(ExtensibilityGlobals) = postSolution
		SolutionGuid = {21EA9F8F-E2E9-4055-B690-6F2FEEC98528}
	EndGlobalSection
EndGlobal
